// !$*UTF8*$!
{
	archiveVersion = 1;
	classes = {
	};
	objectVersion = 77;
	objects = {

/* Begin PBXContainerItemProxy section */
		C9DBD1772FBCD4240095921B /* PBXContainerItemProxy */ = {
			isa = PBXContainerItemProxy;
			containerPortal = C9DBD1582FBCD4210095921B /* Project object */;
			proxyType = 1;
			remoteGlobalIDString = C9DBD15F2FBCD4210095921B;
			remoteInfo = sports_app;
		};
		C9DBD1812FBCD4240095921B /* PBXContainerItemProxy */ = {
			isa = PBXContainerItemProxy;
			containerPortal = C9DBD1582FBCD4210095921B /* Project object */;
			proxyType = 1;
			remoteGlobalIDString = C9DBD15F2FBCD4210095921B;
			remoteInfo = sports_app;
		};
/* End PBXContainerItemProxy section */

/* Begin PBXFileReference section */
		C9DBD1602FBCD4210095921B /* Saffara.app */ = {isa = PBXFileReference; explicitFileType = wrapper.application; includeInIndex = 0; path = Saffara.app; sourceTree = BUILT_PRODUCTS_DIR; };
		C9DBD1762FBCD4240095921B /* SaffaraTests.xctest */ = {isa = PBXFileReference; explicitFileType = wrapper.cfbundle; includeInIndex = 0; path = SaffaraTests.xctest; sourceTree = BUILT_PRODUCTS_DIR; };
		C9DBD1802FBCD4240095921B /* SaffaraUITests.xctest */ = {isa = PBXFileReference; explicitFileType = wrapper.cfbundle; includeInIndex = 0; path = SaffaraUITests.xctest; sourceTree = BUILT_PRODUCTS_DIR; };
/* End PBXFileReference section */

/* Begin PBXFileSystemSynchronizedBuildFileExceptionSet section */
		C9DBD1882FBCD4240095921B /* Exceptions for "sports_app" folder in "Saffara" target */ = {
			isa = PBXFileSystemSynchronizedBuildFileExceptionSet;
			membershipExceptions = (
				Info.plist,
			);
			target = C9DBD15F2FBCD4210095921B /* Saffara */;
		};
/* End PBXFileSystemSynchronizedBuildFileExceptionSet section */

/* Begin PBXFileSystemSynchronizedRootGroup section */
		C9DBD1622FBCD4210095921B /* sports_app */ = {
			isa = PBXFileSystemSynchronizedRootGroup;
			exceptions = (
				C9DBD1882FBCD4240095921B /* Exceptions for "sports_app" folder in "Saffara" target */,
			);
			path = sports_app;
			sourceTree = "<group>";
		};
		C9DBD1792FBCD4240095921B /* sports_appTests */ = {
			isa = PBXFileSystemSynchronizedRootGroup;
			path = sports_appTests;
			sourceTree = "<group>";
		};
		C9DBD1832FBCD4240095921B /* sports_appUITests */ = {
			isa = PBXFileSystemSynchronizedRootGroup;
			path = sports_appUITests;
			sourceTree = "<group>";
		};
/* End PBXFileSystemSynchronizedRootGroup section */

/* Begin PBXFrameworksBuildPhase section */
		C9DBD15D2FBCD4210095921B /* Frameworks */ = {
			isa = PBXFrameworksBuildPhase;
			buildActionMask = 2147483647;
			files = (
			);
			runOnlyForDeploymentPostprocessing = 0;
		};
		C9DBD1732FBCD4240095921B /* Frameworks */ = {
			isa = PBXFrameworksBuildPhase;
			buildActionMask = 2147483647;
			files = (
			);
			runOnlyForDeploymentPostprocessing = 0;
		};
		C9DBD17D2FBCD4240095921B /* Frameworks */ = {
			isa = PBXFrameworksBuildPhase;
			buildActionMask = 2147483647;
			files = (
			);
			runOnlyForDeploymentPostprocessing = 0;
		};
/* End PBXFrameworksBuildPhase section */

/* Begin PBXGroup section */
		C9DBD1572FBCD4210095921B = {
			isa = PBXGroup;
			children = (
				C9DBD1622FBCD4210095921B /* sports_app */,
				C9DBD1792FBCD4240095921B /* sports_appTests */,
				C9DBD1832FBCD4240095921B /* sports_appUITests */,
				C9DBD1612FBCD4210095921B /* Products */,
			);
			sourceTree = "<group>";
		};
		C9DBD1612FBCD4210095921B /* Products */ = {
			isa = PBXGroup;
			children = (
				C9DBD1602FBCD4210095921B /* Saffara.app */,
				C9DBD1762FBCD4240095921B /* SaffaraTests.xctest */,
				C9DBD1802FBCD4240095921B /* SaffaraUITests.xctest */,
			);
			name = Products;
			sourceTree = "<group>";
		};
/* End PBXGroup section */

/* Begin PBXNativeTarget section */
		C9DBD15F2FBCD4210095921B /* Saffara */ = {
			isa = PBXNativeTarget;
			buildConfigurationList = C9DBD1892FBCD4240095921B /* Build configuration list for PBXNativeTarget "Saffara" */;
			buildPhases = (
				C9DBD15C2FBCD4210095921B /* Sources */,
				C9DBD15D2FBCD4210095921B /* Frameworks */,
				C9DBD15E2FBCD4210095921B /* Resources */,
			);
			buildRules = (
			);
			dependencies = (
			);
			fileSystemSynchronizedGroups = (
				C9DBD1622FBCD4210095921B /* sports_app */,
			);
			name = Saffara;
			packageProductDependencies = (
			);
			productName = sports_app;
			productReference = C9DBD1602FBCD4210095921B /* Saffara.app */;
			productType = "com.apple.product-type.application";
		};
		C9DBD1752FBCD4240095921B /* SaffaraTests */ = {
			isa = PBXNativeTarget;
			buildConfigurationList = C9DBD18E2FBCD4240095921B /* Build configuration list for PBXNativeTarget "SaffaraTests" */;
			buildPhases = (
				C9DBD1722FBCD4240095921B /* Sources */,
				C9DBD1732FBCD4240095921B /* Frameworks */,
				C9DBD1742FBCD4240095921B /* Resources */,
			);
			buildRules = (
			);
			dependencies = (
				C9DBD1782FBCD4240095921B /* PBXTargetDependency */,
			);
			fileSystemSynchronizedGroups = (
				C9DBD1792FBCD4240095921B /* sports_appTests */,
			);
			name = SaffaraTests;
			packageProductDependencies = (
			);
			productName = sports_appTests;
			productReference = C9DBD1762FBCD4240095921B /* SaffaraTests.xctest */;
			productType = "com.apple.product-type.bundle.unit-test";
		};
		C9DBD17F2FBCD4240095921B /* SaffaraUITests */ = {
			isa = PBXNativeTarget;
			buildConfigurationList = C9DBD1912FBCD4240095921B /* Build configuration list for PBXNativeTarget "SaffaraUITests" */;
			buildPhases = (
				C9DBD17C2FBCD4240095921B /* Sources */,
				C9DBD17D2FBCD4240095921B /* Frameworks */,
				C9DBD17E2FBCD4240095921B /* Resources */,
			);
			buildRules = (
			);
			dependencies = (
				C9DBD1822FBCD4240095921B /* PBXTargetDependency */,
			);
			fileSystemSynchronizedGroups = (
				C9DBD1832FBCD4240095921B /* sports_appUITests */,
			);
			name = SaffaraUITests;
			packageProductDependencies = (
			);
			productName = sports_appUITests;
			productReference = C9DBD1802FBCD4240095921B /* SaffaraUITests.xctest */;
			productType = "com.apple.product-type.bundle.ui-testing";
		};
/* End PBXNativeTarget section */

/* Begin PBXProject section */
		C9DBD1582FBCD4210095921B /* Project object */ = {
			isa = PBXProject;
			attributes = {
				BuildIndependentTargetsInParallel = 1;
				LastSwiftUpdateCheck = 1620;
				LastUpgradeCheck = 1620;
				TargetAttributes = {
					C9DBD15F2FBCD4210095921B = {
						CreatedOnToolsVersion = 16.2;
					};
					C9DBD1752FBCD4240095921B = {
						CreatedOnToolsVersion = 16.2;
						TestTargetID = C9DBD15F2FBCD4210095921B;
					};
					C9DBD17F2FBCD4240095921B = {
						CreatedOnToolsVersion = 16.2;
						TestTargetID = C9DBD15F2FBCD4210095921B;
					};
				};
			};
			buildConfigurationList = C9DBD15B2FBCD4210095921B /* Build configuration list for PBXProject "Saffara" */;
			developmentRegion = en;
			hasScannedForEncodings = 0;
			knownRegions = (
				en,
				Base,
			);
			mainGroup = C9DBD1572FBCD4210095921B;
			minimizedProjectReferenceProxies = 1;
			preferredProjectObjectVersion = 77;
			productRefGroup = C9DBD1612FBCD4210095921B /* Products */;
			projectDirPath = "";
			projectRoot = "";
			targets = (
				C9DBD15F2FBCD4210095921B /* Saffara */,
				C9DBD1752FBCD4240095921B /* SaffaraTests */,
				C9DBD17F2FBCD4240095921B /* SaffaraUITests */,
			);
		};
/* End PBXProject section */

/* Begin PBXResourcesBuildPhase section */
		C9DBD15E2FBCD4210095921B /* Resources */ = {
			isa = PBXResourcesBuildPhase;
			buildActionMask = 2147483647;
			files = (
			);
			runOnlyForDeploymentPostprocessing = 0;
		};
		C9DBD1742FBCD4240095921B /* Resources */ = {
			isa = PBXResourcesBuildPhase;
			buildActionMask = 2147483647;
			files = (
			);
			runOnlyForDeploymentPostprocessing = 0;
		};
		C9DBD17E2FBCD4240095921B /* Resources */ = {
			isa = PBXResourcesBuildPhase;
			buildActionMask = 2147483647;
			files = (
			);
			runOnlyForDeploymentPostprocessing = 0;
		};
/* End PBXResourcesBuildPhase section */

/* Begin PBXSourcesBuildPhase section */
		C9DBD15C2FBCD4210095921B /* Sources */ = {
			isa = PBXSourcesBuildPhase;
			buildActionMask = 2147483647;
			files = (
			);
			runOnlyForDeploymentPostprocessing = 0;
		};
		C9DBD1722FBCD4240095921B /* Sources */ = {
			isa = PBXSourcesBuildPhase;
			buildActionMask = 2147483647;
			files = (
			);
			runOnlyForDeploymentPostprocessing = 0;
		};
		C9DBD17C2FBCD4240095921B /* Sources */ = {
			isa = PBXSourcesBuildPhase;
			buildActionMask = 2147483647;
			files = (
			);
			runOnlyForDeploymentPostprocessing = 0;
		};
/* End PBXSourcesBuildPhase section */

/* Begin PBXTargetDependency section */
		C9DBD1782FBCD4240095921B /* PBXTargetDependency */ = {
			isa = PBXTargetDependency;
			target = C9DBD15F2FBCD4210095921B /* Saffara */;
			targetProxy = C9DBD1772FBCD4240095921B /* PBXContainerItemProxy */;
		};
		C9DBD1822FBCD4240095921B /* PBXTargetDependency */ = {
			isa = PBXTargetDependency;
			target = C9DBD15F2FBCD4210095921B /* Saffara */;
			targetProxy = C9DBD1812FBCD4240095921B /* PBXContainerItemProxy */;
		};
/* End PBXTargetDependency section */

/* Begin XCBuildConfiguration section */
		C9DBD18A2FBCD4240095921B /* Debug */ = {
			isa = XCBuildConfiguration;
			buildSettings = {
				ASSETCATALOG_COMPILER_APPICON_NAME = AppIcon;
				ASSETCATALOG_COMPILER_GLOBAL_ACCENT_COLOR_NAME = AccentColor;
				CODE_SIGN_STYLE = Automatic;
				CURRENT_PROJECT_VERSION = 1;
				DEVELOPMENT_TEAM = 55AU5WR7KC;
				GENERATE_INFOPLIST_FILE = YES;
				INFOPLIST_FILE = sports_app/Info.plist;
				INFOPLIST_KEY_CFBundleDisplayName = "Saffara - صفارة";
				INFOPLIST_KEY_UIApplicationSupportsIndirectInputEvents = YES;
				INFOPLIST_KEY_UILaunchStoryboardName = LaunchScreen;
				INFOPLIST_KEY_UIMainStoryboardFile = Main;
				INFOPLIST_KEY_UISupportedInterfaceOrientations_iPad = "UIInterfaceOrientationPortrait UIInterfaceOrientationPortraitUpsideDown UIInterfaceOrientationLandscapeLeft UIInterfaceOrientationLandscapeRight";
				INFOPLIST_KEY_UISupportedInterfaceOrientations_iPhone = "UIInterfaceOrientationPortrait UIInterfaceOrientationLandscapeLeft UIInterfaceOrientationLandscapeRight";
				IPHONEOS_DEPLOYMENT_TARGET = 15.2;
				LD_RUNPATH_SEARCH_PATHS = (
					"$(inherited)",
					"@executable_path/Frameworks",
				);
				MARKETING_VERSION = 1.0;
				PRODUCT_BUNDLE_IDENTIFIER = com.iti.sports.app;
				PRODUCT_NAME = "$(TARGET_NAME)";
				SWIFT_EMIT_LOC_STRINGS = YES;
				SWIFT_VERSION = 5.0;
				TARGETED_DEVICE_FAMILY = "1,2";
			};
			name = Debug;
		};
		C9DBD18B2FBCD4240095921B /* Release */ = {
			isa = XCBuildConfiguration;
			buildSettings = {
				ASSETCATALOG_COMPILER_APPICON_NAME = AppIcon;
				ASSETCATALOG_COMPILER_GLOBAL_ACCENT_COLOR_NAME = AccentColor;
				CODE_SIGN_STYLE = Automatic;
				CURRENT_PROJECT_VERSION = 1;
				DEVELOPMENT_TEAM = 55AU5WR7KC;
				GENERATE_INFOPLIST_FILE = YES;
				INFOPLIST_FILE = sports_app/Info.plist;
				INFOPLIST_KEY_CFBundleDisplayName = "Saffara - صفارة";
				INFOPLIST_KEY_UIApplicationSupportsIndirectInputEvents = YES;
				INFOPLIST_KEY_UILaunchStoryboardName = LaunchScreen;
				INFOPLIST_KEY_UIMainStoryboardFile = Main;
				INFOPLIST_KEY_UISupportedInterfaceOrientations_iPad = "UIInterfaceOrientationPortrait UIInterfaceOrientationPortraitUpsideDown UIInterfaceOrientationLandscapeLeft UIInterfaceOrientationLandscapeRight";
				INFOPLIST_KEY_UISupportedInterfaceOrientations_iPhone = "UIInterfaceOrientationPortrait UIInterfaceOrientationLandscapeLeft UIInterfaceOrientationLandscapeRight";
				IPHONEOS_DEPLOYMENT_TARGET = 15.2;
				LD_RUNPATH_SEARCH_PATHS = (
					"$(inherited)",
					"@executable_path/Frameworks",
				);
				MARKETING_VERSION = 1.0;
				PRODUCT_BUNDLE_IDENTIFIER = com.iti.sports.app;
				PRODUCT_NAME = "$(TARGET_NAME)";
				SWIFT_EMIT_LOC_STRINGS = YES;
				SWIFT_VERSION = 5.0;
				TARGETED_DEVICE_FAMILY = "1,2";
			};
			name = Release;
		};
		C9DBD18C2FBCD4240095921B /* Debug */ = {
			isa = XCBuildConfiguration;
			buildSettings = {
				ALWAYS_SEARCH_USER_PATHS = NO;
				ASSETCATALOG_COMPILER_GENERATE_SWIFT_ASSET_SYMBOL_EXTENSIONS = YES;
				CLANG_ANALYZER_NONNULL = YES;
				CLANG_ANALYZER_NUMBER_OBJECT_CONVERSION = YES_AGGRESSIVE;
				CLANG_CXX_LANGUAGE_STANDARD = "gnu++20";
				CLANG_ENABLE_MODULES = YES;
				CLANG_ENABLE_OBJC_ARC = YES;
				CLANG_ENABLE_OBJC_WEAK = YES;
				CLANG_WARN_BLOCK_CAPTURE_AUTORELEASING = YES;
				CLANG_WARN_BOOL_CONVERSION = YES;
				CLANG_WARN_COMMA = YES;
				CLANG_WARN_CONSTANT_CONVERSION = YES;
				CLANG_WARN_DEPRECATED_OBJC_IMPLEMENTATIONS = YES;
				CLANG_WARN_DIRECT_OBJC_ISA_USAGE = YES_ERROR;
				CLANG_WARN_DOCUMENTATION_COMMENTS = YES;
				CLANG_WARN_EMPTY_BODY = YES;
				CLANG_WARN_ENUM_CONVERSION = YES;
				CLANG_WARN_INFINITE_RECURSION = YES;
				CLANG_WARN_INT_CONVERSION = YES;
				CLANG_WARN_NON_LITERAL_NULL_CONVERSION = YES;
				CLANG_WARN_OBJC_IMPLICIT_RETAIN_SELF = YES;
				CLANG_WARN_OBJC_LITERAL_CONVERSION = YES;
				CLANG_WARN_OBJC_ROOT_CLASS = YES_ERROR;
				CLANG_WARN_QUOTED_INCLUDE_IN_FRAMEWORK_HEADER = YES;
				CLANG_WARN_RANGE_LOOP_ANALYSIS = YES;
				CLANG_WARN_STRICT_PROTOTYPES = YES;
				CLANG_WARN_SUSPICIOUS_MOVE = YES;
				CLANG_WARN_UNGUARDED_AVAILABILITY = YES_AGGRESSIVE;
				CLANG_WARN_UNREACHABLE_CODE = YES;
				CLANG_WARN__DUPLICATE_METHOD_MATCH = YES;
				COPY_PHASE_STRIP = NO;
				DEBUG_INFORMATION_FORMAT = dwarf;
				ENABLE_STRICT_OBJC_MSGSEND = YES;
				ENABLE_TESTABILITY = YES;
				ENABLE_USER_SCRIPT_SANDBOXING = YES;
				GCC_C_LANGUAGE_STANDARD = gnu17;
				GCC_DYNAMIC_NO_PIC = NO;
				GCC_NO_COMMON_BLOCKS = YES;
				GCC_OPTIMIZATION_LEVEL = 0;
				GCC_PREPROCESSOR_DEFINITIONS = (
					"DEBUG=1",
					"$(inherited)",
				);
				GCC_WARN_64_TO_32_BIT_CONVERSION = YES;
				GCC_WARN_ABOUT_RETURN_TYPE = YES_ERROR;
				GCC_WARN_UNDECLARED_SELECTOR = YES;
				GCC_WARN_UNINITIALIZED_AUTOS = YES_AGGRESSIVE;
				GCC_WARN_UNUSED_FUNCTION = YES;
				GCC_WARN_UNUSED_VARIABLE = YES;
				IPHONEOS_DEPLOYMENT_TARGET = 18.2;
				LOCALIZATION_PREFERS_STRING_CATALOGS = YES;
				MTL_ENABLE_DEBUG_INFO = INCLUDE_SOURCE;
				MTL_FAST_MATH = YES;
				ONLY_ACTIVE_ARCH = YES;
				SDKROOT = iphoneos;
				SWIFT_ACTIVE_COMPILATION_CONDITIONS = "DEBUG $(inherited)";
				SWIFT_OPTIMIZATION_LEVEL = "-Onone";
			};
			name = Debug;
		};
		C9DBD18D2FBCD4240095921B /* Release */ = {
			isa = XCBuildConfiguration;
			buildSettings = {
				ALWAYS_SEARCH_USER_PATHS = NO;
				ASSETCATALOG_COMPILER_GENERATE_SWIFT_ASSET_SYMBOL_EXTENSIONS = YES;
				CLANG_ANALYZER_NONNULL = YES;
				CLANG_ANALYZER_NUMBER_OBJECT_CONVERSION = YES_AGGRESSIVE;
				CLANG_CXX_LANGUAGE_STANDARD = "gnu++20";
				CLANG_ENABLE_MODULES = YES;
				CLANG_ENABLE_OBJC_ARC = YES;
				CLANG_ENABLE_OBJC_WEAK = YES;
				CLANG_WARN_BLOCK_CAPTURE_AUTORELEASING = YES;
				CLANG_WARN_BOOL_CONVERSION = YES;
				CLANG_WARN_COMMA = YES;
				CLANG_WARN_CONSTANT_CONVERSION = YES;
				CLANG_WARN_DEPRECATED_OBJC_IMPLEMENTATIONS = YES;
				CLANG_WARN_DIRECT_OBJC_ISA_USAGE = YES_ERROR;
				CLANG_WARN_DOCUMENTATION_COMMENTS = YES;
				CLANG_WARN_EMPTY_BODY = YES;
				CLANG_WARN_ENUM_CONVERSION = YES;
				CLANG_WARN_INFINITE_RECURSION = YES;
				CLANG_WARN_INT_CONVERSION = YES;
				CLANG_WARN_NON_LITERAL_NULL_CONVERSION = YES;
				CLANG_WARN_OBJC_IMPLICIT_RETAIN_SELF = YES;
				CLANG_WARN_OBJC_LITERAL_CONVERSION = YES;
				CLANG_WARN_OBJC_ROOT_CLASS = YES_ERROR;
				CLANG_WARN_QUOTED_INCLUDE_IN_FRAMEWORK_HEADER = YES;
				CLANG_WARN_RANGE_LOOP_ANALYSIS = YES;
				CLANG_WARN_STRICT_PROTOTYPES = YES;
				CLANG_WARN_SUSPICIOUS_MOVE = YES;
				CLANG_WARN_UNGUARDED_AVAILABILITY = YES_AGGRESSIVE;
				CLANG_WARN_UNREACHABLE_CODE = YES;
				CLANG_WARN__DUPLICATE_METHOD_MATCH = YES;
				COPY_PHASE_STRIP = NO;
				DEBUG_INFORMATION_FORMAT = "dwarf-with-dsym";
				ENABLE_NS_ASSERTIONS = NO;
				ENABLE_STRICT_OBJC_MSGSEND = YES;
				ENABLE_USER_SCRIPT_SANDBOXING = YES;
				GCC_C_LANGUAGE_STANDARD = gnu17;
				GCC_NO_COMMON_BLOCKS = YES;
				GCC_WARN_64_TO_32_BIT_CONVERSION = YES;
				GCC_WARN_ABOUT_RETURN_TYPE = YES_ERROR;
				GCC_WARN_UNDECLARED_SELECTOR = YES;
				GCC_WARN_UNINITIALIZED_AUTOS = YES_AGGRESSIVE;
				GCC_WARN_UNUSED_FUNCTION = YES;
				GCC_WARN_UNUSED_VARIABLE = YES;
				IPHONEOS_DEPLOYMENT_TARGET = 18.2;
				LOCALIZATION_PREFERS_STRING_CATALOGS = YES;
				MTL_ENABLE_DEBUG_INFO = NO;
				MTL_FAST_MATH = YES;
				SDKROOT = iphoneos;
				SWIFT_COMPILATION_MODE = wholemodule;
				VALIDATE_PRODUCT = YES;
			};
			name = Release;
		};
		C9DBD18F2FBCD4240095921B /* Debug */ = {
			isa = XCBuildConfiguration;
			buildSettings = {
				BUNDLE_LOADER = "$(TEST_HOST)";
				CODE_SIGN_STYLE = Automatic;
				CURRENT_PROJECT_VERSION = 1;
				GENERATE_INFOPLIST_FILE = YES;
				IPHONEOS_DEPLOYMENT_TARGET = 18.2;
				MARKETING_VERSION = 1.0;
				PRODUCT_BUNDLE_IDENTIFIER = "com.iti.sports-appTests";
				PRODUCT_NAME = "$(TARGET_NAME)";
				SWIFT_EMIT_LOC_STRINGS = NO;
				SWIFT_VERSION = 5.0;
				TARGETED_DEVICE_FAMILY = "1,2";
				TEST_HOST = "$(BUILT_PRODUCTS_DIR)/Saffara.app/$(BUNDLE_EXECUTABLE_FOLDER_PATH)/Saffara";
			};
			name = Debug;
		};
		C9DBD1902FBCD4240095921B /* Release */ = {
			isa = XCBuildConfiguration;
			buildSettings = {
				BUNDLE_LOADER = "$(TEST_HOST)";
				CODE_SIGN_STYLE = Automatic;
				CURRENT_PROJECT_VERSION = 1;
				GENERATE_INFOPLIST_FILE = YES;
				IPHONEOS_DEPLOYMENT_TARGET = 18.2;
				MARKETING_VERSION = 1.0;
				PRODUCT_BUNDLE_IDENTIFIER = "com.iti.sports-appTests";
				PRODUCT_NAME = "$(TARGET_NAME)";
				SWIFT_EMIT_LOC_STRINGS = NO;
				SWIFT_VERSION = 5.0;
				TARGETED_DEVICE_FAMILY = "1,2";
				TEST_HOST = "$(BUILT_PRODUCTS_DIR)/Saffara.app/$(BUNDLE_EXECUTABLE_FOLDER_PATH)/Saffara";
			};
			name = Release;
		};
		C9DBD1922FBCD4240095921B /* Debug */ = {
			isa = XCBuildConfiguration;
			buildSettings = {
				CODE_SIGN_STYLE = Automatic;
				CURRENT_PROJECT_VERSION = 1;
				GENERATE_INFOPLIST_FILE = YES;
				MARKETING_VERSION = 1.0;
				PRODUCT_BUNDLE_IDENTIFIER = "com.iti.sports-appUITests";
				PRODUCT_NAME = "$(TARGET_NAME)";
				SWIFT_EMIT_LOC_STRINGS = NO;
				SWIFT_VERSION = 5.0;
				TARGETED_DEVICE_FAMILY = "1,2";
				TEST_TARGET_NAME = sports_app;
			};
			name = Debug;
		};
		C9DBD1932FBCD4240095921B /* Release */ = {
			isa = XCBuildConfiguration;
			buildSettings = {
				CODE_SIGN_STYLE = Automatic;
				CURRENT_PROJECT_VERSION = 1;
				GENERATE_INFOPLIST_FILE = YES;
				MARKETING_VERSION = 1.0;
				PRODUCT_BUNDLE_IDENTIFIER = "com.iti.sports-appUITests";
				PRODUCT_NAME = "$(TARGET_NAME)";
				SWIFT_EMIT_LOC_STRINGS = NO;
				SWIFT_VERSION = 5.0;
				TARGETED_DEVICE_FAMILY = "1,2";
				TEST_TARGET_NAME = sports_app;
			};
			name = Release;
		};
/* End XCBuildConfiguration section */

/* Begin XCConfigurationList section */
		C9DBD15B2FBCD4210095921B /* Build configuration list for PBXProject "Saffara" */ = {
			isa = XCConfigurationList;
			buildConfigurations = (
				C9DBD18C2FBCD4240095921B /* Debug */,
				C9DBD18D2FBCD4240095921B /* Release */,
			);
			defaultConfigurationIsVisible = 0;
			defaultConfigurationName = Release;
		};
		C9DBD1892FBCD4240095921B /* Build configuration list for PBXNativeTarget "Saffara" */ = {
			isa = XCConfigurationList;
			buildConfigurations = (
				C9DBD18A2FBCD4240095921B /* Debug */,
				C9DBD18B2FBCD4240095921B /* Release */,
			);
			defaultConfigurationIsVisible = 0;
			defaultConfigurationName = Release;
		};
		C9DBD18E2FBCD4240095921B /* Build configuration list for PBXNativeTarget "SaffaraTests" */ = {
			isa = XCConfigurationList;
			buildConfigurations = (
				C9DBD18F2FBCD4240095921B /* Debug */,
				C9DBD1902FBCD4240095921B /* Release */,
			);
			defaultConfigurationIsVisible = 0;
			defaultConfigurationName = Release;
		};
		C9DBD1912FBCD4240095921B /* Build configuration list for PBXNativeTarget "SaffaraUITests" */ = {
			isa = XCConfigurationList;
			buildConfigurations = (
				C9DBD1922FBCD4240095921B /* Debug */,
				C9DBD1932FBCD4240095921B /* Release */,
			);
			defaultConfigurationIsVisible = 0;
			defaultConfigurationName = Release;
		};
/* End XCConfigurationList section */
	};
	rootObject = C9DBD1582FBCD4210095921B /* Project object */;
}
